
Microsoft Visual Studio Solution File, Format Version 12.00
# Visual Studio Version 17
VisualStudioVersion = 17.1.32414.318
MinimumVisualStudioVersion = 10.0.40219.1
Project("{FAE04EC0-301F-11D3-BF4B-00C04F79EFBC}") = "TestWoodDeals", "TestWoodDeals\TestWoodDeals.csproj", "{52D16406-D867-4F81-867B-7F7EAA414E2B}"
EndProject
Project("{00D1A9C2-B5F0-4AF3-8072-F6C62B433612}") = "TestWoodDeals.DB", "TestWoodDeals.DB\TestWoodDeals.DB.sqlproj", "{9DE59D99-2AFD-4E98-B813-D374642F29E5}"
EndProject
Global
	GlobalSection(SolutionConfigurationPlatforms) = preSolution
		Debug|Any CPU = Debug|Any CPU
		Release|Any CPU = Release|Any CPU
	EndGlobalSection
	GlobalSection(ProjectConfigurationPlatforms) = postSolution
		{52D16406-D867-4F81-867B-7F7EAA414E2B}.Debug|Any CPU.ActiveCfg = Debug|Any CPU
		{52D16406-D867-4F81-867B-7F7EAA414E2B}.Debug|Any CPU.Build.0 = Debug|Any CPU
		{52D16406-D867-4F81-867B-7F7EAA414E2B}.Release|Any CPU.ActiveCfg = Release|Any CPU
		{52D16406-D867-4F81-867B-7F7EAA414E2B}.Release|Any CPU.Build.0 = Release|Any CPU
		{9DE59D99-2AFD-4E98-B813-D374642F29E5}.Debug|Any CPU.ActiveCfg = Debug|Any CPU
		{9DE59D99-2AFD-4E98-B813-D374642F29E5}.Debug|Any CPU.Build.0 = Debug|Any CPU
		{9DE59D99-2AFD-4E98-B813-D374642F29E5}.Debug|Any CPU.Deploy.0 = Debug|Any CPU
		{9DE59D99-2AFD-4E98-B813-D374642F29E5}.Release|Any CPU.ActiveCfg = Release|Any CPU
		{9DE59D99-2AFD-4E98-B813-D374642F29E5}.Release|Any CPU.Build.0 = Release|Any CPU
		{9DE59D99-2AFD-4E98-B813-D374642F29E5}.Release|Any CPU.Deploy.0 = Release|Any CPU
	EndGlobalSection
	GlobalSection(SolutionProperties) = preSolution
		HideSolutionNode = FALSE
	EndGlobalSection
	GlobalSection(ExtensibilityGlobals) = postSolution
		SolutionGuid = {474215F4-50CC-47CE-907D-BE8C2DA1C111}
	EndGlobalSection
EndGlobal
